// !$*UTF8*$!
{
	archiveVersion = 1;
	classes = {
	};
	objectVersion = 46;
	objects = {

/* Begin PBXBuildFile section */
		99A40E2F1D12FA550016DB91 /* main.m in Sources */ = {isa = PBXBuildFile; fileRef = 99A40E2E1D12FA550016DB91 /* main.m */; };
		99A40E321D12FA550016DB91 /* AppDelegate.m in Sources */ = {isa = PBXBuildFile; fileRef = 99A40E311D12FA550016DB91 /* AppDelegate.m */; };
		99A40E351D12FA550016DB91 /* ViewController.m in Sources */ = {isa = PBXBuildFile; fileRef = 99A40E341D12FA550016DB91 /* ViewController.m */; };
		99A40E381D12FA550016DB91 /* Main.storyboard in Resources */ = {isa = PBXBuildFile; fileRef = 99A40E361D12FA550016DB91 /* Main.storyboard */; };
		99A40E3A1D12FA550016DB91 /* Assets.xcassets in Resources */ = {isa = PBXBuildFile; fileRef = 99A40E391D12FA550016DB91 /* Assets.xcassets */; };
		99A40E3D1D12FA550016DB91 /* LaunchScreen.storyboard in Resources */ = {isa = PBXBuildFile; fileRef = 99A40E3B1D12FA550016DB91 /* LaunchScreen.storyboard */; };
		99A40E4A1D12FA760016DB91 /* Interface.storyboard in Resources */ = {isa = PBXBuildFile; fileRef = 99A40E481D12FA760016DB91 /* Interface.storyboard */; };
		99A40E4C1D12FA760016DB91 /* Assets.xcassets in Resources */ = {isa = PBXBuildFile; fileRef = 99A40E4B1D12FA760016DB91 /* Assets.xcassets */; };
		99A40E531D12FA760016DB91 /* WatchApp Extension.appex in Embed App Extensions */ = {isa = PBXBuildFile; fileRef = 99A40E521D12FA760016DB91 /* WatchApp Extension.appex */; settings = {ATTRIBUTES = (RemoveHeadersOnCopy, ); }; };
		99A40E591D12FA760016DB91 /* InterfaceController.m in Sources */ = {isa = PBXBuildFile; fileRef = 99A40E581D12FA760016DB91 /* InterfaceController.m */; };
		99A40E5C1D12FA760016DB91 /* ExtensionDelegate.m in Sources */ = {isa = PBXBuildFile; fileRef = 99A40E5B1D12FA760016DB91 /* ExtensionDelegate.m */; };
		99A40E5F1D12FA760016DB91 /* ComplicationController.m in Sources */ = {isa = PBXBuildFile; fileRef = 99A40E5E1D12FA760016DB91 /* ComplicationController.m */; };
		99A40E611D12FA760016DB91 /* Assets.xcassets in Resources */ = {isa = PBXBuildFile; fileRef = 99A40E601D12FA760016DB91 /* Assets.xcassets */; };
		99A40E651D12FA760016DB91 /* WatchApp.app in Embed Watch Content */ = {isa = PBXBuildFile; fileRef = 99A40E461D12FA760016DB91 /* WatchApp.app */; };
		99F35A011D141F8F00E05DDD /* hawaiian_flag.jpeg in Resources */ = {isa = PBXBuildFile; fileRef = 99F359F71D141F8F00E05DDD /* hawaiian_flag.jpeg */; };
		99F35A021D141F8F00E05DDD /* hawaiian_flag.jpeg in Resources */ = {isa = PBXBuildFile; fileRef = 99F359F71D141F8F00E05DDD /* hawaiian_flag.jpeg */; };
		99F35A031D141F8F00E05DDD /* hawaiian_flag.jpeg in Resources */ = {isa = PBXBuildFile; fileRef = 99F359F71D141F8F00E05DDD /* hawaiian_flag.jpeg */; };
		99F35A041D141F8F00E05DDD /* hawaiian_flowers.jpeg in Resources */ = {isa = PBXBuildFile; fileRef = 99F359F81D141F8F00E05DDD /* hawaiian_flowers.jpeg */; };
		99F35A051D141F8F00E05DDD /* hawaiian_flowers.jpeg in Resources */ = {isa = PBXBuildFile; fileRef = 99F359F81D141F8F00E05DDD /* hawaiian_flowers.jpeg */; };
		99F35A061D141F8F00E05DDD /* hawaiian_flowers.jpeg in Resources */ = {isa = PBXBuildFile; fileRef = 99F359F81D141F8F00E05DDD /* hawaiian_flowers.jpeg */; };
		99F35A071D141F8F00E05DDD /* hawaiian_islands_techarmor_academy.jpg in Resources */ = {isa = PBXBuildFile; fileRef = 99F359F91D141F8F00E05DDD /* hawaiian_islands_techarmor_academy.jpg */; };
		99F35A081D141F8F00E05DDD /* hawaiian_islands_techarmor_academy.jpg in Resources */ = {isa = PBXBuildFile; fileRef = 99F359F91D141F8F00E05DDD /* hawaiian_islands_techarmor_academy.jpg */; };
		99F35A091D141F8F00E05DDD /* hawaiian_islands_techarmor_academy.jpg in Resources */ = {isa = PBXBuildFile; fileRef = 99F359F91D141F8F00E05DDD /* hawaiian_islands_techarmor_academy.jpg */; };
		99F35A0A1D141F8F00E05DDD /* honu.jpg in Resources */ = {isa = PBXBuildFile; fileRef = 99F359FA1D141F8F00E05DDD /* honu.jpg */; };
		99F35A0B1D141F8F00E05DDD /* honu.jpg in Resources */ = {isa = PBXBuildFile; fileRef = 99F359FA1D141F8F00E05DDD /* honu.jpg */; };
		99F35A0C1D141F8F00E05DDD /* honu.jpg in Resources */ = {isa = PBXBuildFile; fileRef = 99F359FA1D141F8F00E05DDD /* honu.jpg */; };
		99F35A0D1D141F8F00E05DDD /* hula_girl.jpg in Resources */ = {isa = PBXBuildFile; fileRef = 99F359FB1D141F8F00E05DDD /* hula_girl.jpg */; };
		99F35A0E1D141F8F00E05DDD /* hula_girl.jpg in Resources */ = {isa = PBXBuildFile; fileRef = 99F359FB1D141F8F00E05DDD /* hula_girl.jpg */; };
		99F35A0F1D141F8F00E05DDD /* hula_girl.jpg in Resources */ = {isa = PBXBuildFile; fileRef = 99F359FB1D141F8F00E05DDD /* hula_girl.jpg */; };
		99F35A101D141F8F00E05DDD /* koi_fish.jpg in Resources */ = {isa = PBXBuildFile; fileRef = 99F359FC1D141F8F00E05DDD /* koi_fish.jpg */; };
		99F35A111D141F8F00E05DDD /* koi_fish.jpg in Resources */ = {isa = PBXBuildFile; fileRef = 99F359FC1D141F8F00E05DDD /* koi_fish.jpg */; };
		99F35A121D141F8F00E05DDD /* koi_fish.jpg in Resources */ = {isa = PBXBuildFile; fileRef = 99F359FC1D141F8F00E05DDD /* koi_fish.jpg */; };
		99F35A131D141F8F00E05DDD /* longboard.jpeg in Resources */ = {isa = PBXBuildFile; fileRef = 99F359FD1D141F8F00E05DDD /* longboard.jpeg */; };
		99F35A141D141F8F00E05DDD /* longboard.jpeg in Resources */ = {isa = PBXBuildFile; fileRef = 99F359FD1D141F8F00E05DDD /* longboard.jpeg */; };
		99F35A151D141F8F00E05DDD /* longboard.jpeg in Resources */ = {isa = PBXBuildFile; fileRef = 99F359FD1D141F8F00E05DDD /* longboard.jpeg */; };
		99F35A161D141F8F00E05DDD /* sea_shell.jpg in Resources */ = {isa = PBXBuildFile; fileRef = 99F359FE1D141F8F00E05DDD /* sea_shell.jpg */; };
		99F35A171D141F8F00E05DDD /* sea_shell.jpg in Resources */ = {isa = PBXBuildFile; fileRef = 99F359FE1D141F8F00E05DDD /* sea_shell.jpg */; };
		99F35A181D141F8F00E05DDD /* sea_shell.jpg in Resources */ = {isa = PBXBuildFile; fileRef = 99F359FE1D141F8F00E05DDD /* sea_shell.jpg */; };
		99F35A191D141F8F00E05DDD /* shark_polynesian.jpg in Resources */ = {isa = PBXBuildFile; fileRef = 99F359FF1D141F8F00E05DDD /* shark_polynesian.jpg */; };
		99F35A1A1D141F8F00E05DDD /* shark_polynesian.jpg in Resources */ = {isa = PBXBuildFile; fileRef = 99F359FF1D141F8F00E05DDD /* shark_polynesian.jpg */; };
		99F35A1B1D141F8F00E05DDD /* shark_polynesian.jpg in Resources */ = {isa = PBXBuildFile; fileRef = 99F359FF1D141F8F00E05DDD /* shark_polynesian.jpg */; };
		99F35A1C1D141F8F00E05DDD /* star_fish.jpeg in Resources */ = {isa = PBXBuildFile; fileRef = 99F35A001D141F8F00E05DDD /* star_fish.jpeg */; };
		99F35A1D1D141F8F00E05DDD /* star_fish.jpeg in Resources */ = {isa = PBXBuildFile; fileRef = 99F35A001D141F8F00E05DDD /* star_fish.jpeg */; };
		99F35A1E1D141F8F00E05DDD /* star_fish.jpeg in Resources */ = {isa = PBXBuildFile; fileRef = 99F35A001D141F8F00E05DDD /* star_fish.jpeg */; };
/* End PBXBuildFile section */

/* Begin PBXContainerItemProxy section */
		99A40E541D12FA760016DB91 /* PBXContainerItemProxy */ = {
			isa = PBXContainerItemProxy;
			containerPortal = 99A40E221D12FA550016DB91 /* Project object */;
			proxyType = 1;
			remoteGlobalIDString = 99A40E511D12FA760016DB91;
			remoteInfo = "WatchApp Extension";
		};
		99A40E631D12FA760016DB91 /* PBXContainerItemProxy */ = {
			isa = PBXContainerItemProxy;
			containerPortal = 99A40E221D12FA550016DB91 /* Project object */;
			proxyType = 1;
			remoteGlobalIDString = 99A40E451D12FA760016DB91;
			remoteInfo = WatchApp;
		};
/* End PBXContainerItemProxy section */

/* Begin PBXCopyFilesBuildPhase section */
		99A40E691D12FA760016DB91 /* Embed App Extensions */ = {
			isa = PBXCopyFilesBuildPhase;
			buildActionMask = 2147483647;
			dstPath = "";
			dstSubfolderSpec = 13;
			files = (
				99A40E531D12FA760016DB91 /* WatchApp Extension.appex in Embed App Extensions */,
			);
			name = "Embed App Extensions";
			runOnlyForDeploymentPostprocessing = 0;
		};
		99A40E6D1D12FA760016DB91 /* Embed Watch Content */ = {
			isa = PBXCopyFilesBuildPhase;
			buildActionMask = 2147483647;
			dstPath = "$(CONTENTS_FOLDER_PATH)/Watch";
			dstSubfolderSpec = 16;
			files = (
				99A40E651D12FA760016DB91 /* WatchApp.app in Embed Watch Content */,
			);
			name = "Embed Watch Content";
			runOnlyForDeploymentPostprocessing = 0;
		};
/* End PBXCopyFilesBuildPhase section */

/* Begin PBXFileReference section */
		99A40E2A1D12FA550016DB91 /* DemoClockKit.app */ = {isa = PBXFileReference; explicitFileType = wrapper.application; includeInIndex = 0; path = DemoClockKit.app; sourceTree = BUILT_PRODUCTS_DIR; };
		99A40E2E1D12FA550016DB91 /* main.m */ = {isa = PBXFileReference; lastKnownFileType = sourcecode.c.objc; path = main.m; sourceTree = "<group>"; };
		99A40E301D12FA550016DB91 /* AppDelegate.h */ = {isa = PBXFileReference; lastKnownFileType = sourcecode.c.h; path = AppDelegate.h; sourceTree = "<group>"; };
		99A40E311D12FA550016DB91 /* AppDelegate.m */ = {isa = PBXFileReference; lastKnownFileType = sourcecode.c.objc; path = AppDelegate.m; sourceTree = "<group>"; };
		99A40E331D12FA550016DB91 /* ViewController.h */ = {isa = PBXFileReference; lastKnownFileType = sourcecode.c.h; path = ViewController.h; sourceTree = "<group>"; };
		99A40E341D12FA550016DB91 /* ViewController.m */ = {isa = PBXFileReference; lastKnownFileType = sourcecode.c.objc; path = ViewController.m; sourceTree = "<group>"; };
		99A40E371D12FA550016DB91 /* Base */ = {isa = PBXFileReference; lastKnownFileType = file.storyboard; name = Base; path = Base.lproj/Main.storyboard; sourceTree = "<group>"; };
		99A40E391D12FA550016DB91 /* Assets.xcassets */ = {isa = PBXFileReference; lastKnownFileType = folder.assetcatalog; path = Assets.xcassets; sourceTree = "<group>"; };
		99A40E3C1D12FA550016DB91 /* Base */ = {isa = PBXFileReference; lastKnownFileType = file.storyboard; name = Base; path = Base.lproj/LaunchScreen.storyboard; sourceTree = "<group>"; };
		99A40E3E1D12FA550016DB91 /* Info.plist */ = {isa = PBXFileReference; lastKnownFileType = text.plist.xml; path = Info.plist; sourceTree = "<group>"; };
		99A40E461D12FA760016DB91 /* WatchApp.app */ = {isa = PBXFileReference; explicitFileType = wrapper.application; includeInIndex = 0; path = WatchApp.app; sourceTree = BUILT_PRODUCTS_DIR; };
		99A40E491D12FA760016DB91 /* Base */ = {isa = PBXFileReference; lastKnownFileType = file.storyboard; name = Base; path = Base.lproj/Interface.storyboard; sourceTree = "<group>"; };
		99A40E4B1D12FA760016DB91 /* Assets.xcassets */ = {isa = PBXFileReference; lastKnownFileType = folder.assetcatalog; path = Assets.xcassets; sourceTree = "<group>"; };
		99A40E4D1D12FA760016DB91 /* Info.plist */ = {isa = PBXFileReference; lastKnownFileType = text.plist.xml; path = Info.plist; sourceTree = "<group>"; };
		99A40E521D12FA760016DB91 /* WatchApp Extension.appex */ = {isa = PBXFileReference; explicitFileType = "wrapper.app-extension"; includeInIndex = 0; path = "WatchApp Extension.appex"; sourceTree = BUILT_PRODUCTS_DIR; };
		99A40E571D12FA760016DB91 /* InterfaceController.h */ = {isa = PBXFileReference; lastKnownFileType = sourcecode.c.h; path = InterfaceController.h; sourceTree = "<group>"; };
		99A40E581D12FA760016DB91 /* InterfaceController.m */ = {isa = PBXFileReference; lastKnownFileType = sourcecode.c.objc; path = InterfaceController.m; sourceTree = "<group>"; };
		99A40E5A1D12FA760016DB91 /* ExtensionDelegate.h */ = {isa = PBXFileReference; lastKnownFileType = sourcecode.c.h; path = ExtensionDelegate.h; sourceTree = "<group>"; };
		99A40E5B1D12FA760016DB91 /* ExtensionDelegate.m */ = {isa = PBXFileReference; lastKnownFileType = sourcecode.c.objc; path = ExtensionDelegate.m; sourceTree = "<group>"; };
		99A40E5D1D12FA760016DB91 /* ComplicationController.h */ = {isa = PBXFileReference; lastKnownFileType = sourcecode.c.h; path = ComplicationController.h; sourceTree = "<group>"; };
		99A40E5E1D12FA760016DB91 /* ComplicationController.m */ = {isa = PBXFileReference; lastKnownFileType = sourcecode.c.objc; path = ComplicationController.m; sourceTree = "<group>"; };
		99A40E601D12FA760016DB91 /* Assets.xcassets */ = {isa = PBXFileReference; lastKnownFileType = folder.assetcatalog; path = Assets.xcassets; sourceTree = "<group>"; };
		99A40E621D12FA760016DB91 /* Info.plist */ = {isa = PBXFileReference; lastKnownFileType = text.plist.xml; path = Info.plist; sourceTree = "<group>"; };
		99F359F71D141F8F00E05DDD /* hawaiian_flag.jpeg */ = {isa = PBXFileReference; lastKnownFileType = image.jpeg; path = hawaiian_flag.jpeg; sourceTree = "<group>"; };
		99F359F81D141F8F00E05DDD /* hawaiian_flowers.jpeg */ = {isa = PBXFileReference; lastKnownFileType = image.jpeg; path = hawaiian_flowers.jpeg; sourceTree = "<group>"; };
		99F359F91D141F8F00E05DDD /* hawaiian_islands_techarmor_academy.jpg */ = {isa = PBXFileReference; lastKnownFileType = image.jpeg; path = hawaiian_islands_techarmor_academy.jpg; sourceTree = "<group>"; };
		99F359FA1D141F8F00E05DDD /* honu.jpg */ = {isa = PBXFileReference; lastKnownFileType = image.jpeg; path = honu.jpg; sourceTree = "<group>"; };
		99F359FB1D141F8F00E05DDD /* hula_girl.jpg */ = {isa = PBXFileReference; lastKnownFileType = image.jpeg; path = hula_girl.jpg; sourceTree = "<group>"; };
		99F359FC1D141F8F00E05DDD /* koi_fish.jpg */ = {isa = PBXFileReference; lastKnownFileType = image.jpeg; path = koi_fish.jpg; sourceTree = "<group>"; };
		99F359FD1D141F8F00E05DDD /* longboard.jpeg */ = {isa = PBXFileReference; lastKnownFileType = image.jpeg; path = longboard.jpeg; sourceTree = "<group>"; };
		99F359FE1D141F8F00E05DDD /* sea_shell.jpg */ = {isa = PBXFileReference; lastKnownFileType = image.jpeg; path = sea_shell.jpg; sourceTree = "<group>"; };
		99F359FF1D141F8F00E05DDD /* shark_polynesian.jpg */ = {isa = PBXFileReference; lastKnownFileType = image.jpeg; path = shark_polynesian.jpg; sourceTree = "<group>"; };
		99F35A001D141F8F00E05DDD /* star_fish.jpeg */ = {isa = PBXFileReference; lastKnownFileType = image.jpeg; path = star_fish.jpeg; sourceTree = "<group>"; };
/* End PBXFileReference section */

/* Begin PBXFrameworksBuildPhase section */
		99A40E271D12FA550016DB91 /* Frameworks */ = {
			isa = PBXFrameworksBuildPhase;
			buildActionMask = 2147483647;
			files = (
			);
			runOnlyForDeploymentPostprocessing = 0;
		};
		99A40E4F1D12FA760016DB91 /* Frameworks */ = {
			isa = PBXFrameworksBuildPhase;
			buildActionMask = 2147483647;
			files = (
			);
			runOnlyForDeploymentPostprocessing = 0;
		};
/* End PBXFrameworksBuildPhase section */

/* Begin PBXGroup section */
		99A40E211D12FA550016DB91 = {
			isa = PBXGroup;
			children = (
				99A40E2C1D12FA550016DB91 /* DemoClockKit */,
				99A40E471D12FA760016DB91 /* WatchApp */,
				99A40E561D12FA760016DB91 /* WatchApp Extension */,
				99A40E2B1D12FA550016DB91 /* Products */,
			);
			sourceTree = "<group>";
		};
		99A40E2B1D12FA550016DB91 /* Products */ = {
			isa = PBXGroup;
			children = (
				99A40E2A1D12FA550016DB91 /* DemoClockKit.app */,
				99A40E461D12FA760016DB91 /* WatchApp.app */,
				99A40E521D12FA760016DB91 /* WatchApp Extension.appex */,
			);
			name = Products;
			sourceTree = "<group>";
		};
		99A40E2C1D12FA550016DB91 /* DemoClockKit */ = {
			isa = PBXGroup;
			children = (
				99A40E301D12FA550016DB91 /* AppDelegate.h */,
				99A40E311D12FA550016DB91 /* AppDelegate.m */,
				99A40E331D12FA550016DB91 /* ViewController.h */,
				99A40E341D12FA550016DB91 /* ViewController.m */,
				99A40E361D12FA550016DB91 /* Main.storyboard */,
				99A40E391D12FA550016DB91 /* Assets.xcassets */,
				99A40E3B1D12FA550016DB91 /* LaunchScreen.storyboard */,
				99A40E3E1D12FA550016DB91 /* Info.plist */,
				99A40E2D1D12FA550016DB91 /* Supporting Files */,
			);
			path = DemoClockKit;
			sourceTree = "<group>";
		};
		99A40E2D1D12FA550016DB91 /* Supporting Files */ = {
			isa = PBXGroup;
			children = (
				99A40E2E1D12FA550016DB91 /* main.m */,
			);
			name = "Supporting Files";
			sourceTree = "<group>";
		};
		99A40E471D12FA760016DB91 /* WatchApp */ = {
			isa = PBXGroup;
			children = (
				99F359F61D141F8F00E05DDD /* Assets */,
				99A40E481D12FA760016DB91 /* Interface.storyboard */,
				99A40E4B1D12FA760016DB91 /* Assets.xcassets */,
				99A40E4D1D12FA760016DB91 /* Info.plist */,
			);
			path = WatchApp;
			sourceTree = "<group>";
		};
		99A40E561D12FA760016DB91 /* WatchApp Extension */ = {
			isa = PBXGroup;
			children = (
				99A40E571D12FA760016DB91 /* InterfaceController.h */,
				99A40E581D12FA760016DB91 /* InterfaceController.m */,
				99A40E5A1D12FA760016DB91 /* ExtensionDelegate.h */,
				99A40E5B1D12FA760016DB91 /* ExtensionDelegate.m */,
				99A40E5D1D12FA760016DB91 /* ComplicationController.h */,
				99A40E5E1D12FA760016DB91 /* ComplicationController.m */,
				99A40E601D12FA760016DB91 /* Assets.xcassets */,
				99A40E621D12FA760016DB91 /* Info.plist */,
			);
			path = "WatchApp Extension";
			sourceTree = "<group>";
		};
		99F359F61D141F8F00E05DDD /* Assets */ = {
			isa = PBXGroup;
			children = (
				99F359F71D141F8F00E05DDD /* hawaiian_flag.jpeg */,
				99F359F81D141F8F00E05DDD /* hawaiian_flowers.jpeg */,
				99F359F91D141F8F00E05DDD /* hawaiian_islands_techarmor_academy.jpg */,
				99F359FA1D141F8F00E05DDD /* honu.jpg */,
				99F359FB1D141F8F00E05DDD /* hula_girl.jpg */,
				99F359FC1D141F8F00E05DDD /* koi_fish.jpg */,
				99F359FD1D141F8F00E05DDD /* longboard.jpeg */,
				99F359FE1D141F8F00E05DDD /* sea_shell.jpg */,
				99F359FF1D141F8F00E05DDD /* shark_polynesian.jpg */,
				99F35A001D141F8F00E05DDD /* star_fish.jpeg */,
			);
			name = Assets;
			path = ../DemoClockKit/Assets;
			sourceTree = "<group>";
		};
/* End PBXGroup section */

/* Begin PBXNativeTarget section */
		99A40E291D12FA550016DB91 /* DemoClockKit */ = {
			isa = PBXNativeTarget;
			buildConfigurationList = 99A40E411D12FA550016DB91 /* Build configuration list for PBXNativeTarget "DemoClockKit" */;
			buildPhases = (
				99A40E261D12FA550016DB91 /* Sources */,
				99A40E271D12FA550016DB91 /* Frameworks */,
				99A40E281D12FA550016DB91 /* Resources */,
				99A40E6D1D12FA760016DB91 /* Embed Watch Content */,
			);
			buildRules = (
			);
			dependencies = (
				99A40E641D12FA760016DB91 /* PBXTargetDependency */,
			);
			name = DemoClockKit;
			productName = DemoClockKit;
			productReference = 99A40E2A1D12FA550016DB91 /* DemoClockKit.app */;
			productType = "com.apple.product-type.application";
		};
		99A40E451D12FA760016DB91 /* WatchApp */ = {
			isa = PBXNativeTarget;
			buildConfigurationList = 99A40E6A1D12FA760016DB91 /* Build configuration list for PBXNativeTarget "WatchApp" */;
			buildPhases = (
				99A40E441D12FA760016DB91 /* Resources */,
				99A40E691D12FA760016DB91 /* Embed App Extensions */,
			);
			buildRules = (
			);
			dependencies = (
				99A40E551D12FA760016DB91 /* PBXTargetDependency */,
			);
			name = WatchApp;
			productName = WatchApp;
			productReference = 99A40E461D12FA760016DB91 /* WatchApp.app */;
			productType = "com.apple.product-type.application.watchapp2";
		};
		99A40E511D12FA760016DB91 /* WatchApp Extension */ = {
			isa = PBXNativeTarget;
			buildConfigurationList = 99A40E661D12FA760016DB91 /* Build configuration list for PBXNativeTarget "WatchApp Extension" */;
			buildPhases = (
				99A40E4E1D12FA760016DB91 /* Sources */,
				99A40E4F1D12FA760016DB91 /* Frameworks */,
				99A40E501D12FA760016DB91 /* Resources */,
			);
			buildRules = (
			);
			dependencies = (
			);
			name = "WatchApp Extension";
			productName = "WatchApp Extension";
			productReference = 99A40E521D12FA760016DB91 /* WatchApp Extension.appex */;
			productType = "com.apple.product-type.watchkit2-extension";
		};
/* End PBXNativeTarget section */

/* Begin PBXProject section */
		99A40E221D12FA550016DB91 /* Project object */ = {
			isa = PBXProject;
			attributes = {
				LastUpgradeCheck = 0730;
				ORGANIZATIONNAME = Mr.Vu;
				TargetAttributes = {
					99A40E291D12FA550016DB91 = {
						CreatedOnToolsVersion = 7.3.1;
						DevelopmentTeam = 56YJ3N6KSG;
					};
					99A40E451D12FA760016DB91 = {
						CreatedOnToolsVersion = 7.3.1;
						DevelopmentTeam = 56YJ3N6KSG;
					};
					99A40E511D12FA760016DB91 = {
						CreatedOnToolsVersion = 7.3.1;
						DevelopmentTeam = 56YJ3N6KSG;
					};
				};
			};
			buildConfigurationList = 99A40E251D12FA550016DB91 /* Build configuration list for PBXProject "DemoClockKit" */;
			compatibilityVersion = "Xcode 3.2";
			developmentRegion = English;
			hasScannedForEncodings = 0;
			knownRegions = (
				en,
				Base,
			);
			mainGroup = 99A40E211D12FA550016DB91;
			productRefGroup = 99A40E2B1D12FA550016DB91 /* Products */;
			projectDirPath = "";
			projectRoot = "";
			targets = (
				99A40E291D12FA550016DB91 /* DemoClockKit */,
				99A40E451D12FA760016DB91 /* WatchApp */,
				99A40E511D12FA760016DB91 /* WatchApp Extension */,
			);
		};
/* End PBXProject section */

/* Begin PBXResourcesBuildPhase section */
		99A40E281D12FA550016DB91 /* Resources */ = {
			isa = PBXResourcesBuildPhase;
			buildActionMask = 2147483647;
			files = (
				99F35A041D141F8F00E05DDD /* hawaiian_flowers.jpeg in Resources */,
				99F35A191D141F8F00E05DDD /* shark_polynesian.jpg in Resources */,
				99F35A101D141F8F00E05DDD /* koi_fish.jpg in Resources */,
				99A40E3D1D12FA550016DB91 /* LaunchScreen.storyboard in Resources */,
				99F35A0A1D141F8F00E05DDD /* honu.jpg in Resources */,
				99F35A0D1D141F8F00E05DDD /* hula_girl.jpg in Resources */,
				99F35A011D141F8F00E05DDD /* hawaiian_flag.jpeg in Resources */,
				99F35A131D141F8F00E05DDD /* longboard.jpeg in Resources */,
				99A40E3A1D12FA550016DB91 /* Assets.xcassets in Resources */,
				99A40E381D12FA550016DB91 /* Main.storyboard in Resources */,
				99F35A071D141F8F00E05DDD /* hawaiian_islands_techarmor_academy.jpg in Resources */,
				99F35A161D141F8F00E05DDD /* sea_shell.jpg in Resources */,
				99F35A1C1D141F8F00E05DDD /* star_fish.jpeg in Resources */,
			);
			runOnlyForDeploymentPostprocessing = 0;
		};
		99A40E441D12FA760016DB91 /* Resources */ = {
			isa = PBXResourcesBuildPhase;
			buildActionMask = 2147483647;
			files = (
				99F35A051D141F8F00E05DDD /* hawaiian_flowers.jpeg in Resources */,
				99F35A1D1D141F8F00E05DDD /* star_fish.jpeg in Resources */,
				99F35A1A1D141F8F00E05DDD /* shark_polynesian.jpg in Resources */,
				99F35A0B1D141F8F00E05DDD /* honu.jpg in Resources */,
				99F35A171D141F8F00E05DDD /* sea_shell.jpg in Resources */,
				99F35A081D141F8F00E05DDD /* hawaiian_islands_techarmor_academy.jpg in Resources */,
				99F35A0E1D141F8F00E05DDD /* hula_girl.jpg in Resources */,
				99A40E4C1D12FA760016DB91 /* Assets.xcassets in Resources */,
				99A40E4A1D12FA760016DB91 /* Interface.storyboard in Resources */,
				99F35A141D141F8F00E05DDD /* longboard.jpeg in Resources */,
				99F35A021D141F8F00E05DDD /* hawaiian_flag.jpeg in Resources */,
				99F35A111D141F8F00E05DDD /* koi_fish.jpg in Resources */,
			);
			runOnlyForDeploymentPostprocessing = 0;
		};
		99A40E501D12FA760016DB91 /* Resources */ = {
			isa = PBXResourcesBuildPhase;
			buildActionMask = 2147483647;
			files = (
				99A40E611D12FA760016DB91 /* Assets.xcassets in Resources */,
				99F35A1B1D141F8F00E05DDD /* shark_polynesian.jpg in Resources */,
				99F35A0C1D141F8F00E05DDD /* honu.jpg in Resources */,
				99F35A181D141F8F00E05DDD /* sea_shell.jpg in Resources */,
				99F35A151D141F8F00E05DDD /* longboard.jpeg in Resources */,
				99F35A061D141F8F00E05DDD /* hawaiian_flowers.jpeg in Resources */,
				99F35A121D141F8F00E05DDD /* koi_fish.jpg in Resources */,
				99F35A1E1D141F8F00E05DDD /* star_fish.jpeg in Resources */,
				99F35A0F1D141F8F00E05DDD /* hula_girl.jpg in Resources */,
				99F35A031D141F8F00E05DDD /* hawaiian_flag.jpeg in Resources */,
				99F35A091D141F8F00E05DDD /* hawaiian_islands_techarmor_academy.jpg in Resources */,
			);
			runOnlyForDeploymentPostprocessing = 0;
		};
/* End PBXResourcesBuildPhase section */

/* Begin PBXSourcesBuildPhase section */
		99A40E261D12FA550016DB91 /* Sources */ = {
			isa = PBXSourcesBuildPhase;
			buildActionMask = 2147483647;
			files = (
				99A40E351D12FA550016DB91 /* ViewController.m in Sources */,
				99A40E321D12FA550016DB91 /* AppDelegate.m in Sources */,
				99A40E2F1D12FA550016DB91 /* main.m in Sources */,
			);
			runOnlyForDeploymentPostprocessing = 0;
		};
		99A40E4E1D12FA760016DB91 /* Sources */ = {
			isa = PBXSourcesBuildPhase;
			buildActionMask = 2147483647;
			files = (
				99A40E5F1D12FA760016DB91 /* ComplicationController.m in Sources */,
				99A40E5C1D12FA760016DB91 /* ExtensionDelegate.m in Sources */,
				99A40E591D12FA760016DB91 /* InterfaceController.m in Sources */,
			);
			runOnlyForDeploymentPostprocessing = 0;
		};
/* End PBXSourcesBuildPhase section */

/* Begin PBXTargetDependency section */
		99A40E551D12FA760016DB91 /* PBXTargetDependency */ = {
			isa = PBXTargetDependency;
			target = 99A40E511D12FA760016DB91 /* WatchApp Extension */;
			targetProxy = 99A40E541D12FA760016DB91 /* PBXContainerItemProxy */;
		};
		99A40E641D12FA760016DB91 /* PBXTargetDependency */ = {
			isa = PBXTargetDependency;
			target = 99A40E451D12FA760016DB91 /* WatchApp */;
			targetProxy = 99A40E631D12FA760016DB91 /* PBXContainerItemProxy */;
		};
/* End PBXTargetDependency section */

/* Begin PBXVariantGroup section */
		99A40E361D12FA550016DB91 /* Main.storyboard */ = {
			isa = PBXVariantGroup;
			children = (
				99A40E371D12FA550016DB91 /* Base */,
			);
			name = Main.storyboard;
			sourceTree = "<group>";
		};
		99A40E3B1D12FA550016DB91 /* LaunchScreen.storyboard */ = {
			isa = PBXVariantGroup;
			children = (
				99A40E3C1D12FA550016DB91 /* Base */,
			);
			name = LaunchScreen.storyboard;
			sourceTree = "<group>";
		};
		99A40E481D12FA760016DB91 /* Interface.storyboard */ = {
			isa = PBXVariantGroup;
			children = (
				99A40E491D12FA760016DB91 /* Base */,
			);
			name = Interface.storyboard;
			sourceTree = "<group>";
		};
/* End PBXVariantGroup section */

/* Begin XCBuildConfiguration section */
		99A40E3F1D12FA550016DB91 /* Debug */ = {
			isa = XCBuildConfiguration;
			buildSettings = {
				ALWAYS_SEARCH_USER_PATHS = NO;
				CLANG_ANALYZER_NONNULL = YES;
				CLANG_CXX_LANGUAGE_STANDARD = "gnu++0x";
				CLANG_CXX_LIBRARY = "libc++";
				CLANG_ENABLE_MODULES = YES;
				CLANG_ENABLE_OBJC_ARC = YES;
				CLANG_WARN_BOOL_CONVERSION = YES;
				CLANG_WARN_CONSTANT_CONVERSION = YES;
				CLANG_WARN_DIRECT_OBJC_ISA_USAGE = YES_ERROR;
				CLANG_WARN_EMPTY_BODY = YES;
				CLANG_WARN_ENUM_CONVERSION = YES;
				CLANG_WARN_INT_CONVERSION = YES;
				CLANG_WARN_OBJC_ROOT_CLASS = YES_ERROR;
				CLANG_WARN_UNREACHABLE_CODE = YES;
				CLANG_WARN__DUPLICATE_METHOD_MATCH = YES;
				"CODE_SIGN_IDENTITY[sdk=iphoneos*]" = "iPhone Developer";
				COPY_PHASE_STRIP = NO;
				DEBUG_INFORMATION_FORMAT = dwarf;
				ENABLE_STRICT_OBJC_MSGSEND = YES;
				ENABLE_TESTABILITY = YES;
				GCC_C_LANGUAGE_STANDARD = gnu99;
				GCC_DYNAMIC_NO_PIC = NO;
				GCC_NO_COMMON_BLOCKS = YES;
				GCC_OPTIMIZATION_LEVEL = 0;
				GCC_PREPROCESSOR_DEFINITIONS = (
					"DEBUG=1",
					"$(inherited)",
				);
				GCC_WARN_64_TO_32_BIT_CONVERSION = YES;
				GCC_WARN_ABOUT_RETURN_TYPE = YES_ERROR;
				GCC_WARN_UNDECLARED_SELECTOR = YES;
				GCC_WARN_UNINITIALIZED_AUTOS = YES_AGGRESSIVE;
				GCC_WARN_UNUSED_FUNCTION = YES;
				GCC_WARN_UNUSED_VARIABLE = YES;
				IPHONEOS_DEPLOYMENT_TARGET = 9.3;
				MTL_ENABLE_DEBUG_INFO = YES;
				ONLY_ACTIVE_ARCH = YES;
				SDKROOT = iphoneos;
				TARGETED_DEVICE_FAMILY = "1,2";
			};
			name = Debug;
		};
		99A40E401D12FA550016DB91 /* Release */ = {
			isa = XCBuildConfiguration;
			buildSettings = {
				ALWAYS_SEARCH_USER_PATHS = NO;
				CLANG_ANALYZER_NONNULL = YES;
				CLANG_CXX_LANGUAGE_STANDARD = "gnu++0x";
				CLANG_CXX_LIBRARY = "libc++";
				CLANG_ENABLE_MODULES = YES;
				CLANG_ENABLE_OBJC_ARC = YES;
				CLANG_WARN_BOOL_CONVERSION = YES;
				CLANG_WARN_CONSTANT_CONVERSION = YES;
				CLANG_WARN_DIRECT_OBJC_ISA_USAGE = YES_ERROR;
				CLANG_WARN_EMPTY_BODY = YES;
				CLANG_WARN_ENUM_CONVERSION = YES;
				CLANG_WARN_INT_CONVERSION = YES;
				CLANG_WARN_OBJC_ROOT_CLASS = YES_ERROR;
				CLANG_WARN_UNREACHABLE_CODE = YES;
				CLANG_WARN__DUPLICATE_METHOD_MATCH = YES;
				"CODE_SIGN_IDENTITY[sdk=iphoneos*]" = "iPhone Developer";
				COPY_PHASE_STRIP = NO;
				DEBUG_INFORMATION_FORMAT = "dwarf-with-dsym";
				ENABLE_NS_ASSERTIONS = NO;
				ENABLE_STRICT_OBJC_MSGSEND = YES;
				GCC_C_LANGUAGE_STANDARD = gnu99;
				GCC_NO_COMMON_BLOCKS = YES;
				GCC_WARN_64_TO_32_BIT_CONVERSION = YES;
				GCC_WARN_ABOUT_RETURN_TYPE = YES_ERROR;
				GCC_WARN_UNDECLARED_SELECTOR = YES;
				GCC_WARN_UNINITIALIZED_AUTOS = YES_AGGRESSIVE;
				GCC_WARN_UNUSED_FUNCTION = YES;
				GCC_WARN_UNUSED_VARIABLE = YES;
				IPHONEOS_DEPLOYMENT_TARGET = 9.3;
				MTL_ENABLE_DEBUG_INFO = NO;
				SDKROOT = iphoneos;
				TARGETED_DEVICE_FAMILY = "1,2";
				VALIDATE_PRODUCT = YES;
			};
			name = Release;
		};
		99A40E421D12FA550016DB91 /* Debug */ = {
			isa = XCBuildConfiguration;
			buildSettings = {
				ASSETCATALOG_COMPILER_APPICON_NAME = AppIcon;
				INFOPLIST_FILE = DemoClockKit/Info.plist;
				LD_RUNPATH_SEARCH_PATHS = "$(inherited) @executable_path/Frameworks";
				PRODUCT_BUNDLE_IDENTIFIER = vu.DemoClockKit;
				PRODUCT_NAME = "$(TARGET_NAME)";
			};
			name = Debug;
		};
		99A40E431D12FA550016DB91 /* Release */ = {
			isa = XCBuildConfiguration;
			buildSettings = {
				ASSETCATALOG_COMPILER_APPICON_NAME = AppIcon;
				INFOPLIST_FILE = DemoClockKit/Info.plist;
				LD_RUNPATH_SEARCH_PATHS = "$(inherited) @executable_path/Frameworks";
				PRODUCT_BUNDLE_IDENTIFIER = vu.DemoClockKit;
				PRODUCT_NAME = "$(TARGET_NAME)";
			};
			name = Release;
		};
		99A40E671D12FA760016DB91 /* Debug */ = {
			isa = XCBuildConfiguration;
			buildSettings = {
				ASSETCATALOG_COMPILER_COMPLICATION_NAME = Complication;
				CODE_SIGN_IDENTITY = "iPhone Developer";
				INFOPLIST_FILE = "WatchApp Extension/Info.plist";
				LD_RUNPATH_SEARCH_PATHS = "$(inherited) @executable_path/Frameworks @executable_path/../../Frameworks";
				PRODUCT_BUNDLE_IDENTIFIER = vu.DemoClockKit.watchkitapp.watchkitextension;
				PRODUCT_NAME = "${TARGET_NAME}";
				SDKROOT = watchos;
				SKIP_INSTALL = YES;
				TARGETED_DEVICE_FAMILY = 4;
				WATCHOS_DEPLOYMENT_TARGET = 2.2;
			};
			name = Debug;
		};
		99A40E681D12FA760016DB91 /* Release */ = {
			isa = XCBuildConfiguration;
			buildSettings = {
				ASSETCATALOG_COMPILER_COMPLICATION_NAME = Complication;
				CODE_SIGN_IDENTITY = "iPhone Developer";
				INFOPLIST_FILE = "WatchApp Extension/Info.plist";
				LD_RUNPATH_SEARCH_PATHS = "$(inherited) @executable_path/Frameworks @executable_path/../../Frameworks";
				PRODUCT_BUNDLE_IDENTIFIER = vu.DemoClockKit.watchkitapp.watchkitextension;
				PRODUCT_NAME = "${TARGET_NAME}";
				SDKROOT = watchos;
				SKIP_INSTALL = YES;
				TARGETED_DEVICE_FAMILY = 4;
				WATCHOS_DEPLOYMENT_TARGET = 2.2;
			};
			name = Release;
		};
		99A40E6B1D12FA760016DB91 /* Debug */ = {
			isa = XCBuildConfiguration;
			buildSettings = {
				ASSETCATALOG_COMPILER_APPICON_NAME = AppIcon;
				IBSC_MODULE = WatchApp_Extension;
				INFOPLIST_FILE = WatchApp/Info.plist;
				PRODUCT_BUNDLE_IDENTIFIER = vu.DemoClockKit.watchkitapp;
				PRODUCT_NAME = "$(TARGET_NAME)";
				SDKROOT = watchos;
				SKIP_INSTALL = YES;
				TARGETED_DEVICE_FAMILY = 4;
				WATCHOS_DEPLOYMENT_TARGET = 2.2;
			};
			name = Debug;
		};
		99A40E6C1D12FA760016DB91 /* Release */ = {
			isa = XCBuildConfiguration;
			buildSettings = {
				ASSETCATALOG_COMPILER_APPICON_NAME = AppIcon;
				IBSC_MODULE = WatchApp_Extension;
				INFOPLIST_FILE = WatchApp/Info.plist;
				PRODUCT_BUNDLE_IDENTIFIER = vu.DemoClockKit.watchkitapp;
				PRODUCT_NAME = "$(TARGET_NAME)";
				SDKROOT = watchos;
				SKIP_INSTALL = YES;
				TARGETED_DEVICE_FAMILY = 4;
				WATCHOS_DEPLOYMENT_TARGET = 2.2;
			};
			name = Release;
		};
/* End XCBuildConfiguration section */

/* Begin XCConfigurationList section */
		99A40E251D12FA550016DB91 /* Build configuration list for PBXProject "DemoClockKit" */ = {
			isa = XCConfigurationList;
			buildConfigurations = (
				99A40E3F1D12FA550016DB91 /* Debug */,
				99A40E401D12FA550016DB91 /* Release */,
			);
			defaultConfigurationIsVisible = 0;
			defaultConfigurationName = Release;
		};
		99A40E411D12FA550016DB91 /* Build configuration list for PBXNativeTarget "DemoClockKit" */ = {
			isa = XCConfigurationList;
			buildConfigurations = (
				99A40E421D12FA550016DB91 /* Debug */,
				99A40E431D12FA550016DB91 /* Release */,
			);
			defaultConfigurationIsVisible = 0;
			defaultConfigurationName = Release;
		};
		99A40E661D12FA760016DB91 /* Build configuration list for PBXNativeTarget "WatchApp Extension" */ = {
			isa = XCConfigurationList;
			buildConfigurations = (
				99A40E671D12FA760016DB91 /* Debug */,
				99A40E681D12FA760016DB91 /* Release */,
			);
			defaultConfigurationIsVisible = 0;
			defaultConfigurationName = Release;
		};
		99A40E6A1D12FA760016DB91 /* Build configuration list for PBXNativeTarget "WatchApp" */ = {
			isa = XCConfigurationList;
			buildConfigurations = (
				99A40E6B1D12FA760016DB91 /* Debug */,
				99A40E6C1D12FA760016DB91 /* Release */,
			);
			defaultConfigurationIsVisible = 0;
			defaultConfigurationName = Release;
		};
/* End XCConfigurationList section */
	};
	rootObject = 99A40E221D12FA550016DB91 /* Project object */;
}
